# content/ids.lock — every published content ID (platform design §3.3, ADR-0010).
# IDs are append-only: events reference them forever. `pnpm content:build` adds new IDs.
# An ID may leave content/** only after you move it from [published] to [retired] by hand.

[published]
dsa:lc-0001
dsa:lc-0002
dsa:lc-0003
dsa:lc-0005
dsa:lc-0011
dsa:lc-0015
dsa:lc-0017
dsa:lc-0019
dsa:lc-0020
dsa:lc-0021
dsa:lc-0022
dsa:lc-0023
dsa:lc-0033
dsa:lc-0036
dsa:lc-0039
dsa:lc-0040
dsa:lc-0042
dsa:lc-0045
dsa:lc-0046
dsa:lc-0049
dsa:lc-0051
dsa:lc-0053
dsa:lc-0055
dsa:lc-0056
dsa:lc-0057
dsa:lc-0062
dsa:lc-0070
dsa:lc-0072
dsa:lc-0074
dsa:lc-0076
dsa:lc-0078
dsa:lc-0079
dsa:lc-0084
dsa:lc-0090
dsa:lc-0091
dsa:lc-0098
dsa:lc-0100
dsa:lc-0102
dsa:lc-0104
dsa:lc-0105
dsa:lc-0110
dsa:lc-0121
dsa:lc-0124
dsa:lc-0125
dsa:lc-0127
dsa:lc-0128
dsa:lc-0130
dsa:lc-0131
dsa:lc-0133
dsa:lc-0134
dsa:lc-0138
dsa:lc-0139
dsa:lc-0141
dsa:lc-0143
dsa:lc-0146
dsa:lc-0150
dsa:lc-0152
dsa:lc-0153
dsa:lc-0155
dsa:lc-0167
dsa:lc-0198
dsa:lc-0199
dsa:lc-0200
dsa:lc-0206
dsa:lc-0207
dsa:lc-0208
dsa:lc-0210
dsa:lc-0211
dsa:lc-0213
dsa:lc-0215
dsa:lc-0217
dsa:lc-0226
dsa:lc-0230
dsa:lc-0235
dsa:lc-0238
dsa:lc-0242
dsa:lc-0252
dsa:lc-0253
dsa:lc-0271
dsa:lc-0287
dsa:lc-0295
dsa:lc-0300
dsa:lc-0309
dsa:lc-0322
dsa:lc-0347
dsa:lc-0355
dsa:lc-0380
dsa:lc-0416
dsa:lc-0417
dsa:lc-0424
dsa:lc-0435
dsa:lc-0494
dsa:lc-0518
dsa:lc-0543
dsa:lc-0567
dsa:lc-0572
dsa:lc-0621
dsa:lc-0647
dsa:lc-0684
dsa:lc-0695
dsa:lc-0703
dsa:lc-0704
dsa:lc-0739
dsa:lc-0743
dsa:lc-0746
dsa:lc-0763
dsa:lc-0853
dsa:lc-0875
dsa:lc-0973
dsa:lc-0981
dsa:lc-0994
dsa:lc-1046
dsa:lc-1143
dsa:lc-1448
dsa:lesson-arrays-hashing
dsa:lesson-binary-search
dsa:lesson-sliding-window
dsa:lesson-stack
dsa:lesson-two-pointers
dsa:prompt-mock-interview
english:ex-w01-fill-1
english:ex-w01-fill-2
english:ex-w01-respond-1
english:ex-w01-respond-2
english:ex-w01-rewrite-1
english:ex-w01-rewrite-2
english:ex-w02-fill-1
english:ex-w02-fill-2
english:ex-w02-respond-1
english:ex-w02-respond-2
english:ex-w02-rewrite-1
english:ex-w02-rewrite-2
english:ex-w03-fill-1
english:ex-w03-fill-2
english:ex-w03-respond-1
english:ex-w03-respond-2
english:ex-w03-rewrite-1
english:ex-w03-rewrite-2
english:explaining-code:dsa:lc-0001
english:explaining-code:dsa:lc-0003
english:explaining-code:dsa:lc-0011
english:explaining-code:dsa:lc-0015
english:explaining-code:dsa:lc-0020
english:explaining-code:dsa:lc-0036
english:explaining-code:dsa:lc-0042
english:explaining-code:dsa:lc-0049
english:explaining-code:dsa:lc-0084
english:explaining-code:dsa:lc-0121
english:explaining-code:dsa:lc-0125
english:explaining-code:dsa:lc-0128
english:explaining-code:dsa:lc-0150
english:explaining-code:dsa:lc-0153
english:explaining-code:dsa:lc-0155
english:explaining-code:dsa:lc-0167
english:explaining-code:dsa:lc-0217
english:explaining-code:dsa:lc-0238
english:explaining-code:dsa:lc-0242
english:explaining-code:dsa:lc-0271
english:explaining-code:dsa:lc-0347
english:explaining-code:dsa:lc-0424
english:explaining-code:dsa:lc-0567
english:explaining-code:dsa:lc-0704
english:explaining-code:dsa:lc-0739
english:explaining-code:dsa:lc-0875
english:explaining-code:dsa:lc-0981
english:prompt-w01-standup-update
english:prompt-w02-bug-report
english:prompt-w03-review-comments
english:w01-at-risk
english:w01-bandwidth
english:w01-behind-schedule
english:w01-blocker
english:w01-eod
english:w01-eta
english:w01-get-back-to
english:w01-get-to
english:w01-go-ahead
english:w01-heads-down
english:w01-look-into
english:w01-make-progress
english:w01-on-hold
english:w01-on-my-plate
english:w01-on-track
english:w01-ooo
english:w01-pair-with
english:w01-pending
english:w01-pick-up
english:w01-ping
english:w01-run-into
english:w01-shout-out
english:w01-sidetracked
english:w01-slip
english:w01-stand-up
english:w01-stuck
english:w01-take-it-offline
english:w01-unblock
english:w01-wait-on
english:w01-wrap-up
english:w02-acceptance-criteria
english:w02-assign
english:w02-backlog
english:w02-crash
english:w02-duplicate
english:w02-environment
english:w02-epic
english:w02-error-message
english:w02-expected-behavior
english:w02-file-a-bug
english:w02-flag
english:w02-happy-path
english:w02-impact
english:w02-intermittent
english:w02-log
english:w02-narrow-down
english:w02-priority
english:w02-regression
english:w02-reopen
english:w02-reporter
english:w02-reproduce
english:w02-severity
english:w02-stack-trace
english:w02-stale
english:w02-timeout
english:w02-triage
english:w02-user-story
english:w02-wont-fix
english:w02-workaround
english:w02-works-as-intended
english:w03-address
english:w03-approve
english:w03-clean-up
english:w03-consistent
english:w03-dead-code
english:w03-duplication
english:w03-early-return
english:w03-edge-case
english:w03-extract
english:w03-good-catch
english:w03-hard-coded
english:w03-have-you-considered
english:w03-lgtm
english:w03-naming-convention
english:w03-nested
english:w03-nit
english:w03-non-blocking
english:w03-null-check
english:w03-overkill
english:w03-readability
english:w03-refactor
english:w03-request-changes
english:w03-resolve
english:w03-second-pair-of-eyes
english:w03-self-explanatory
english:w03-side-effect
english:w03-take-a-look
english:w03-test-coverage
english:w03-typo
english:w03-unit-test
english:w04-breaking-change
english:w04-cherry-pick
english:w04-ci
english:w04-commit-message
english:w04-diff
english:w04-draft-pr
english:w04-feature-branch
english:w04-flaky
english:w04-force-push
english:w04-merge-conflict
english:w04-rebase
english:w04-revert
english:w04-squash
english:w04-wip
english:w05-action-item
english:w05-agenda
english:w05-circle-back
english:w05-follow-up
english:w05-hard-stop
english:w05-heads-up
english:w05-jump-in
english:w05-loop-in
english:w05-on-the-same-page
english:w05-recap
english:w05-sync-up
english:w05-youre-on-mute
english:w06-ballpark
english:w06-buffer
english:w06-capacity
english:w06-dependency
english:w06-estimate
english:w06-out-of-scope
english:w06-prioritize
english:w06-push-back
english:w06-scope-creep
english:w06-sprint
english:w06-story-point
english:w06-trade-off
english:w06-velocity
english:w07-degraded
english:w07-downtime
english:w07-escalate
english:w07-handover
english:w07-hotfix
english:w07-latency
english:w07-mitigate
english:w07-on-call
english:w07-outage
english:w07-page
english:w07-postmortem
english:w07-roll-back
english:w07-root-cause
english:w07-sla
english:w07-spike
english:w07-up-and-running
english:w08-audience
english:w08-caveat
english:w08-changelog
english:w08-concise
english:w08-deprecated
english:w08-design-doc
english:w08-ie
english:w08-known-issue
english:w08-prerequisite
english:w08-rationale
english:w08-readme
english:w08-tldr
english:w08-troubleshooting
english:w08-up-to-date
english:w09-behavioral-question
english:w09-brute-force
english:w09-clarifying-question
english:w09-hands-on-experience
english:w09-notice-period
english:w09-reach-out
english:w09-salary-expectations
english:w09-star-method
english:w09-take-ownership
english:w09-think-out-loud
english:w09-walk-me-through
english:w10-bear-with-me
english:w10-constructive
english:w10-demo
english:w10-end-to-end
english:w10-feature-request
english:w10-feedback
english:w10-iterate
english:w10-live
english:w10-rough-edges
english:w10-share-my-screen
english:w10-ship
english:w10-stakeholder
english:w10-under-the-hood

[retired]
