# content/ids.lock — every published content ID (platform design §3.3, ADR-0010).
# IDs are append-only: events reference them forever. `pnpm content:build` adds new IDs.
# An ID may leave content/** only after you move it from [published] to [retired] by hand.

[published]
english:ex-w01-fill-1
english:ex-w01-fill-2
english:ex-w01-respond-1
english:ex-w01-respond-2
english:ex-w01-rewrite-1
english:ex-w01-rewrite-2
english:ex-w02-fill-1
english:ex-w02-fill-2
english:ex-w02-respond-1
english:ex-w02-respond-2
english:ex-w02-rewrite-1
english:ex-w02-rewrite-2
english:ex-w03-fill-1
english:ex-w03-fill-2
english:ex-w03-respond-1
english:ex-w03-respond-2
english:ex-w03-rewrite-1
english:ex-w03-rewrite-2
english:prompt-w01-standup-update
english:prompt-w02-bug-report
english:prompt-w03-review-comments
english:w01-at-risk
english:w01-bandwidth
english:w01-behind-schedule
english:w01-blocker
english:w01-eod
english:w01-eta
english:w01-get-back-to
english:w01-get-to
english:w01-go-ahead
english:w01-heads-down
english:w01-look-into
english:w01-make-progress
english:w01-on-hold
english:w01-on-my-plate
english:w01-on-track
english:w01-ooo
english:w01-pair-with
english:w01-pending
english:w01-pick-up
english:w01-ping
english:w01-run-into
english:w01-shout-out
english:w01-sidetracked
english:w01-slip
english:w01-stand-up
english:w01-stuck
english:w01-take-it-offline
english:w01-unblock
english:w01-wait-on
english:w01-wrap-up
english:w02-acceptance-criteria
english:w02-assign
english:w02-backlog
english:w02-crash
english:w02-duplicate
english:w02-environment
english:w02-epic
english:w02-error-message
english:w02-expected-behavior
english:w02-file-a-bug
english:w02-flag
english:w02-happy-path
english:w02-impact
english:w02-intermittent
english:w02-log
english:w02-narrow-down
english:w02-priority
english:w02-regression
english:w02-reopen
english:w02-reporter
english:w02-reproduce
english:w02-severity
english:w02-stack-trace
english:w02-stale
english:w02-timeout
english:w02-triage
english:w02-user-story
english:w02-wont-fix
english:w02-workaround
english:w02-works-as-intended
english:w03-address
english:w03-approve
english:w03-clean-up
english:w03-consistent
english:w03-dead-code
english:w03-duplication
english:w03-early-return
english:w03-edge-case
english:w03-extract
english:w03-good-catch
english:w03-hard-coded
english:w03-have-you-considered
english:w03-lgtm
english:w03-naming-convention
english:w03-nested
english:w03-nit
english:w03-non-blocking
english:w03-null-check
english:w03-overkill
english:w03-readability
english:w03-refactor
english:w03-request-changes
english:w03-resolve
english:w03-second-pair-of-eyes
english:w03-self-explanatory
english:w03-side-effect
english:w03-take-a-look
english:w03-test-coverage
english:w03-typo
english:w03-unit-test
english:w04-breaking-change
english:w04-cherry-pick
english:w04-ci
english:w04-commit-message
english:w04-diff
english:w04-draft-pr
english:w04-feature-branch
english:w04-flaky
english:w04-force-push
english:w04-merge-conflict
english:w04-rebase
english:w04-revert
english:w04-squash
english:w04-wip
english:w05-action-item
english:w05-agenda
english:w05-circle-back
english:w05-follow-up
english:w05-hard-stop
english:w05-heads-up
english:w05-jump-in
english:w05-loop-in
english:w05-on-the-same-page
english:w05-recap
english:w05-sync-up
english:w05-youre-on-mute
english:w06-ballpark
english:w06-buffer
english:w06-capacity
english:w06-dependency
english:w06-estimate
english:w06-out-of-scope
english:w06-prioritize
english:w06-push-back
english:w06-scope-creep
english:w06-sprint
english:w06-story-point
english:w06-trade-off
english:w06-velocity
english:w07-degraded
english:w07-downtime
english:w07-escalate
english:w07-handover
english:w07-hotfix
english:w07-latency
english:w07-mitigate
english:w07-on-call
english:w07-outage
english:w07-page
english:w07-postmortem
english:w07-roll-back
english:w07-root-cause
english:w07-sla
english:w07-spike
english:w07-up-and-running
english:w08-audience
english:w08-caveat
english:w08-changelog
english:w08-concise
english:w08-deprecated
english:w08-design-doc
english:w08-ie
english:w08-known-issue
english:w08-prerequisite
english:w08-rationale
english:w08-readme
english:w08-tldr
english:w08-troubleshooting
english:w08-up-to-date
english:w09-behavioral-question
english:w09-brute-force
english:w09-clarifying-question
english:w09-hands-on-experience
english:w09-notice-period
english:w09-reach-out
english:w09-salary-expectations
english:w09-star-method
english:w09-take-ownership
english:w09-think-out-loud
english:w09-walk-me-through
english:w10-bear-with-me
english:w10-constructive
english:w10-demo
english:w10-end-to-end
english:w10-feature-request
english:w10-feedback
english:w10-iterate
english:w10-live
english:w10-rough-edges
english:w10-share-my-screen
english:w10-ship
english:w10-stakeholder
english:w10-under-the-hood

[retired]
